
Microsoft Visual Studio Solution File, Format Version 12.00
# Visual Studio 15
VisualStudioVersion = 15.0.28307.489
MinimumVisualStudioVersion = 10.0.40219.1
Project("{FAE04EC0-301F-11D3-BF4B-00C04F79EFBC}") = "UI", "WindowsFormsApp7\UI.csproj", "{DD21CE94-6322-483F-AE40-1868530BBA57}"
EndProject
Project("{FAE04EC0-301F-11D3-BF4B-00C04F79EFBC}") = "BLL", "BLL\BLL.csproj", "{E7617D66-D895-4173-89F2-FB6A74A284AF}"
EndProject
Project("{FAE04EC0-301F-11D3-BF4B-00C04F79EFBC}") = "DAL", "DAL\DAL.csproj", "{14685A82-34B8-497C-988A-19FD85388822}"
EndProject
Global
	GlobalSection(SolutionConfigurationPlatforms) = preSolution
		Debug|Any CPU = Debug|Any CPU
		Release|Any CPU = Release|Any CPU
	EndGlobalSection
	GlobalSection(ProjectConfigurationPlatforms) = postSolution
		{DD21CE94-6322-483F-AE40-1868530BBA57}.Debug|Any CPU.ActiveCfg = Debug|Any CPU
		{DD21CE94-6322-483F-AE40-1868530BBA57}.Debug|Any CPU.Build.0 = Debug|Any CPU
		{DD21CE94-6322-483F-AE40-1868530BBA57}.Release|Any CPU.ActiveCfg = Release|Any CPU
		{DD21CE94-6322-483F-AE40-1868530BBA57}.Release|Any CPU.Build.0 = Release|Any CPU
		{E7617D66-D895-4173-89F2-FB6A74A284AF}.Debug|Any CPU.ActiveCfg = Debug|Any CPU
		{E7617D66-D895-4173-89F2-FB6A74A284AF}.Debug|Any CPU.Build.0 = Debug|Any CPU
		{E7617D66-D895-4173-89F2-FB6A74A284AF}.Release|Any CPU.ActiveCfg = Release|Any CPU
		{E7617D66-D895-4173-89F2-FB6A74A284AF}.Release|Any CPU.Build.0 = Release|Any CPU
		{14685A82-34B8-497C-988A-19FD85388822}.Debug|Any CPU.ActiveCfg = Debug|Any CPU
		{14685A82-34B8-497C-988A-19FD85388822}.Debug|Any CPU.Build.0 = Debug|Any CPU
		{14685A82-34B8-497C-988A-19FD85388822}.Release|Any CPU.ActiveCfg = Release|Any CPU
		{14685A82-34B8-497C-988A-19FD85388822}.Release|Any CPU.Build.0 = Release|Any CPU
	EndGlobalSection
	GlobalSection(SolutionProperties) = preSolution
		HideSolutionNode = FALSE
	EndGlobalSection
	GlobalSection(ExtensibilityGlobals) = postSolution
		SolutionGuid = {AB4F30F8-CBE4-4FFE-A5CA-E9952D6374B7}
	EndGlobalSection
EndGlobal
